GITHUBTARBALL
  remote: boxen/puppet-openssl
  specs:
    openssl (1.0.0)

GITHUBTARBALL
  remote: n0ts/puppet-boxen
  specs:
    boxen (3.13.0c)

GITHUBTARBALL
  remote: n0ts/puppet-homebrew
  specs:
    homebrew (2.1.0g)

GITHUBTARBALL
  remote: n0ts/puppet-repository
  specs:
    repostiroy (2.4.1b)

GITHUBTARBALL
  remote: puppetlabs/puppetlabs-stdlib
  specs:
    stdlib (4.17.1)

DEPENDENCIES
  boxen (= 3.13.0c)
  homebrew (= 2.1.0g)
  openssl (= 1.0.0)
  repostiroy (= 2.4.1b)
  stdlib (= 4.17.1)

